
Microsoft Visual Studio Solution File, Format Version 12.00
# Visual Studio Version 16
VisualStudioVersion = 16.0.31624.102
MinimumVisualStudioVersion = 10.0.40219.1
Project("{FAE04EC0-301F-11D3-BF4B-00C04F79EFBC}") = "Task2withForm", "Task2withForm\Task2withForm.csproj", "{A007824A-C022-42F0-9BBC-60A5E24ED73D}"
EndProject
Global
	GlobalSection(SolutionConfigurationPlatforms) = preSolution
		Debug|Any CPU = Debug|Any CPU
		Release|Any CPU = Release|Any CPU
	EndGlobalSection
	GlobalSection(ProjectConfigurationPlatforms) = postSolution
		{A007824A-C022-42F0-9BBC-60A5E24ED73D}.Debug|Any CPU.ActiveCfg = Debug|Any CPU
		{A007824A-C022-42F0-9BBC-60A5E24ED73D}.Debug|Any CPU.Build.0 = Debug|Any CPU
		{A007824A-C022-42F0-9BBC-60A5E24ED73D}.Release|Any CPU.ActiveCfg = Release|Any CPU
		{A007824A-C022-42F0-9BBC-60A5E24ED73D}.Release|Any CPU.Build.0 = Release|Any CPU
	EndGlobalSection
	GlobalSection(SolutionProperties) = preSolution
		HideSolutionNode = FALSE
	EndGlobalSection
	GlobalSection(ExtensibilityGlobals) = postSolution
		SolutionGuid = {AA2AF4F8-AEB8-4F70-865A-2E5022474064}
	EndGlobalSection
EndGlobal
